// !$*UTF8*$!
{
	archiveVersion = 1;
	classes = {
	};
	objectVersion = 56;
	objects = {

/* Begin PBXBuildFile section */
		9E28E4F828EDC9B00092AA58 /* AppDelegate.swift in Sources */ = {isa = PBXBuildFile; fileRef = 9E28E4F728EDC9B00092AA58 /* AppDelegate.swift */; };
		9E28E4FA28EDC9B00092AA58 /* SceneDelegate.swift in Sources */ = {isa = PBXBuildFile; fileRef = 9E28E4F928EDC9B00092AA58 /* SceneDelegate.swift */; };
		9E28E4FF28EDC9B00092AA58 /* Main.storyboard in Resources */ = {isa = PBXBuildFile; fileRef = 9E28E4FD28EDC9B00092AA58 /* Main.storyboard */; };
		9E28E50128EDC9B20092AA58 /* Assets.xcassets in Resources */ = {isa = PBXBuildFile; fileRef = 9E28E50028EDC9B20092AA58 /* Assets.xcassets */; };
		9E28E50428EDC9B20092AA58 /* LaunchScreen.storyboard in Resources */ = {isa = PBXBuildFile; fileRef = 9E28E50228EDC9B20092AA58 /* LaunchScreen.storyboard */; };
		9EE1A28628EE9F8E005AFB4C /* TaskViewController.swift in Sources */ = {isa = PBXBuildFile; fileRef = 9EE1A28528EE9F8E005AFB4C /* TaskViewController.swift */; };
		9EE1A28828EE9FEE005AFB4C /* TaskListViewController.swift in Sources */ = {isa = PBXBuildFile; fileRef = 9EE1A28728EE9FEE005AFB4C /* TaskListViewController.swift */; };
		9EE1A28C28EEA060005AFB4C /* TaskList.swift in Sources */ = {isa = PBXBuildFile; fileRef = 9EE1A28B28EEA060005AFB4C /* TaskList.swift */; };
		9EE1A28F28EEA093005AFB4C /* DataManager.swift in Sources */ = {isa = PBXBuildFile; fileRef = 9EE1A28E28EEA093005AFB4C /* DataManager.swift */; };
		9EE1A29228EEA0B0005AFB4C /* StorageManager.swift in Sources */ = {isa = PBXBuildFile; fileRef = 9EE1A29128EEA0B0005AFB4C /* StorageManager.swift */; };
		9EE1A29528EEA4DD005AFB4C /* Realm in Frameworks */ = {isa = PBXBuildFile; productRef = 9EE1A29428EEA4DD005AFB4C /* Realm */; };
		9EE1A29728EEA4DD005AFB4C /* RealmSwift in Frameworks */ = {isa = PBXBuildFile; productRef = 9EE1A29628EEA4DD005AFB4C /* RealmSwift */; };
		9EE1A29B28EEE113005AFB4C /* K.swift in Sources */ = {isa = PBXBuildFile; fileRef = 9EE1A29A28EEE113005AFB4C /* K.swift */; };
		9EE1A29F28EEE24A005AFB4C /* Extension + TableViewCell.swift in Sources */ = {isa = PBXBuildFile; fileRef = 9EE1A29E28EEE24A005AFB4C /* Extension + TableViewCell.swift */; };
		9EE1A2A128EEF399005AFB4C /* Extension + AlertController.swift in Sources */ = {isa = PBXBuildFile; fileRef = 9EE1A2A028EEF399005AFB4C /* Extension + AlertController.swift */; };
/* End PBXBuildFile section */

/* Begin PBXFileReference section */
		9E28E4F428EDC9B00092AA58 /* TaskList with Realm.app */ = {isa = PBXFileReference; explicitFileType = wrapper.application; includeInIndex = 0; path = "TaskList with Realm.app"; sourceTree = BUILT_PRODUCTS_DIR; };
		9E28E4F728EDC9B00092AA58 /* AppDelegate.swift */ = {isa = PBXFileReference; lastKnownFileType = sourcecode.swift; path = AppDelegate.swift; sourceTree = "<group>"; };
		9E28E4F928EDC9B00092AA58 /* SceneDelegate.swift */ = {isa = PBXFileReference; lastKnownFileType = sourcecode.swift; path = SceneDelegate.swift; sourceTree = "<group>"; };
		9E28E4FE28EDC9B00092AA58 /* Base */ = {isa = PBXFileReference; lastKnownFileType = file.storyboard; name = Base; path = Base.lproj/Main.storyboard; sourceTree = "<group>"; };
		9E28E50028EDC9B20092AA58 /* Assets.xcassets */ = {isa = PBXFileReference; lastKnownFileType = folder.assetcatalog; path = Assets.xcassets; sourceTree = "<group>"; };
		9E28E50328EDC9B20092AA58 /* Base */ = {isa = PBXFileReference; lastKnownFileType = file.storyboard; name = Base; path = Base.lproj/LaunchScreen.storyboard; sourceTree = "<group>"; };
		9E28E50528EDC9B20092AA58 /* Info.plist */ = {isa = PBXFileReference; lastKnownFileType = text.plist.xml; path = Info.plist; sourceTree = "<group>"; };
		9EE1A28528EE9F8E005AFB4C /* TaskViewController.swift */ = {isa = PBXFileReference; lastKnownFileType = sourcecode.swift; path = TaskViewController.swift; sourceTree = "<group>"; };
		9EE1A28728EE9FEE005AFB4C /* TaskListViewController.swift */ = {isa = PBXFileReference; lastKnownFileType = sourcecode.swift; path = TaskListViewController.swift; sourceTree = "<group>"; };
		9EE1A28B28EEA060005AFB4C /* TaskList.swift */ = {isa = PBXFileReference; lastKnownFileType = sourcecode.swift; path = TaskList.swift; sourceTree = "<group>"; };
		9EE1A28E28EEA093005AFB4C /* DataManager.swift */ = {isa = PBXFileReference; lastKnownFileType = sourcecode.swift; path = DataManager.swift; sourceTree = "<group>"; };
		9EE1A29128EEA0B0005AFB4C /* StorageManager.swift */ = {isa = PBXFileReference; lastKnownFileType = sourcecode.swift; path = StorageManager.swift; sourceTree = "<group>"; };
		9EE1A29A28EEE113005AFB4C /* K.swift */ = {isa = PBXFileReference; lastKnownFileType = sourcecode.swift; path = K.swift; sourceTree = "<group>"; };
		9EE1A29E28EEE24A005AFB4C /* Extension + TableViewCell.swift */ = {isa = PBXFileReference; lastKnownFileType = sourcecode.swift; path = "Extension + TableViewCell.swift"; sourceTree = "<group>"; };
		9EE1A2A028EEF399005AFB4C /* Extension + AlertController.swift */ = {isa = PBXFileReference; lastKnownFileType = sourcecode.swift; path = "Extension + AlertController.swift"; sourceTree = "<group>"; };
/* End PBXFileReference section */

/* Begin PBXFrameworksBuildPhase section */
		9E28E4F128EDC9B00092AA58 /* Frameworks */ = {
			isa = PBXFrameworksBuildPhase;
			buildActionMask = 2147483647;
			files = (
				9EE1A29728EEA4DD005AFB4C /* RealmSwift in Frameworks */,
				9EE1A29528EEA4DD005AFB4C /* Realm in Frameworks */,
			);
			runOnlyForDeploymentPostprocessing = 0;
		};
/* End PBXFrameworksBuildPhase section */

/* Begin PBXGroup section */
		9E28E4EB28EDC9B00092AA58 = {
			isa = PBXGroup;
			children = (
				9E28E4F628EDC9B00092AA58 /* TaskList with Realm */,
				9E28E4F528EDC9B00092AA58 /* Products */,
			);
			sourceTree = "<group>";
		};
		9E28E4F528EDC9B00092AA58 /* Products */ = {
			isa = PBXGroup;
			children = (
				9E28E4F428EDC9B00092AA58 /* TaskList with Realm.app */,
			);
			name = Products;
			sourceTree = "<group>";
		};
		9E28E4F628EDC9B00092AA58 /* TaskList with Realm */ = {
			isa = PBXGroup;
			children = (
				9E28E4F728EDC9B00092AA58 /* AppDelegate.swift */,
				9E28E4F928EDC9B00092AA58 /* SceneDelegate.swift */,
				9EE1A28D28EEA072005AFB4C /* Model */,
				9EE1A28A28EEA039005AFB4C /* Storyboards */,
				9EE1A28928EEA00B005AFB4C /* ViewControllers */,
				9EE1A29028EEA098005AFB4C /* Services */,
				9E28E50028EDC9B20092AA58 /* Assets.xcassets */,
				9E28E50528EDC9B20092AA58 /* Info.plist */,
			);
			path = "TaskList with Realm";
			sourceTree = "<group>";
		};
		9EE1A28928EEA00B005AFB4C /* ViewControllers */ = {
			isa = PBXGroup;
			children = (
				9EE1A28728EE9FEE005AFB4C /* TaskListViewController.swift */,
				9EE1A28528EE9F8E005AFB4C /* TaskViewController.swift */,
				9EE1A29E28EEE24A005AFB4C /* Extension + TableViewCell.swift */,
				9EE1A2A028EEF399005AFB4C /* Extension + AlertController.swift */,
			);
			path = ViewControllers;
			sourceTree = "<group>";
		};
		9EE1A28A28EEA039005AFB4C /* Storyboards */ = {
			isa = PBXGroup;
			children = (
				9E28E4FD28EDC9B00092AA58 /* Main.storyboard */,
				9E28E50228EDC9B20092AA58 /* LaunchScreen.storyboard */,
			);
			path = Storyboards;
			sourceTree = "<group>";
		};
		9EE1A28D28EEA072005AFB4C /* Model */ = {
			isa = PBXGroup;
			children = (
				9EE1A28B28EEA060005AFB4C /* TaskList.swift */,
			);
			path = Model;
			sourceTree = "<group>";
		};
		9EE1A29028EEA098005AFB4C /* Services */ = {
			isa = PBXGroup;
			children = (
				9EE1A28E28EEA093005AFB4C /* DataManager.swift */,
				9EE1A29128EEA0B0005AFB4C /* StorageManager.swift */,
				9EE1A29A28EEE113005AFB4C /* K.swift */,
			);
			path = Services;
			sourceTree = "<group>";
		};
/* End PBXGroup section */

/* Begin PBXNativeTarget section */
		9E28E4F328EDC9B00092AA58 /* TaskList with Realm */ = {
			isa = PBXNativeTarget;
			buildConfigurationList = 9E28E50828EDC9B20092AA58 /* Build configuration list for PBXNativeTarget "TaskList with Realm" */;
			buildPhases = (
				9E28E4F028EDC9B00092AA58 /* Sources */,
				9E28E4F128EDC9B00092AA58 /* Frameworks */,
				9E28E4F228EDC9B00092AA58 /* Resources */,
			);
			buildRules = (
			);
			dependencies = (
			);
			name = "TaskList with Realm";
			packageProductDependencies = (
				9EE1A29428EEA4DD005AFB4C /* Realm */,
				9EE1A29628EEA4DD005AFB4C /* RealmSwift */,
			);
			productName = "TaskList with Realm";
			productReference = 9E28E4F428EDC9B00092AA58 /* TaskList with Realm.app */;
			productType = "com.apple.product-type.application";
		};
/* End PBXNativeTarget section */

/* Begin PBXProject section */
		9E28E4EC28EDC9B00092AA58 /* Project object */ = {
			isa = PBXProject;
			attributes = {
				BuildIndependentTargetsInParallel = 1;
				LastSwiftUpdateCheck = 1400;
				LastUpgradeCheck = 1400;
				TargetAttributes = {
					9E28E4F328EDC9B00092AA58 = {
						CreatedOnToolsVersion = 14.0.1;
					};
				};
			};
			buildConfigurationList = 9E28E4EF28EDC9B00092AA58 /* Build configuration list for PBXProject "TaskList with Realm" */;
			compatibilityVersion = "Xcode 14.0";
			developmentRegion = en;
			hasScannedForEncodings = 0;
			knownRegions = (
				en,
				Base,
			);
			mainGroup = 9E28E4EB28EDC9B00092AA58;
			packageReferences = (
				9EE1A29328EEA4DD005AFB4C /* XCRemoteSwiftPackageReference "realm-swift" */,
			);
			productRefGroup = 9E28E4F528EDC9B00092AA58 /* Products */;
			projectDirPath = "";
			projectRoot = "";
			targets = (
				9E28E4F328EDC9B00092AA58 /* TaskList with Realm */,
			);
		};
/* End PBXProject section */

/* Begin PBXResourcesBuildPhase section */
		9E28E4F228EDC9B00092AA58 /* Resources */ = {
			isa = PBXResourcesBuildPhase;
			buildActionMask = 2147483647;
			files = (
				9E28E50428EDC9B20092AA58 /* LaunchScreen.storyboard in Resources */,
				9E28E50128EDC9B20092AA58 /* Assets.xcassets in Resources */,
				9E28E4FF28EDC9B00092AA58 /* Main.storyboard in Resources */,
			);
			runOnlyForDeploymentPostprocessing = 0;
		};
/* End PBXResourcesBuildPhase section */

/* Begin PBXSourcesBuildPhase section */
		9E28E4F028EDC9B00092AA58 /* Sources */ = {
			isa = PBXSourcesBuildPhase;
			buildActionMask = 2147483647;
			files = (
				9EE1A2A128EEF399005AFB4C /* Extension + AlertController.swift in Sources */,
				9E28E4F828EDC9B00092AA58 /* AppDelegate.swift in Sources */,
				9EE1A28F28EEA093005AFB4C /* DataManager.swift in Sources */,
				9EE1A29F28EEE24A005AFB4C /* Extension + TableViewCell.swift in Sources */,
				9EE1A28C28EEA060005AFB4C /* TaskList.swift in Sources */,
				9EE1A29228EEA0B0005AFB4C /* StorageManager.swift in Sources */,
				9EE1A28828EE9FEE005AFB4C /* TaskListViewController.swift in Sources */,
				9EE1A29B28EEE113005AFB4C /* K.swift in Sources */,
				9E28E4FA28EDC9B00092AA58 /* SceneDelegate.swift in Sources */,
				9EE1A28628EE9F8E005AFB4C /* TaskViewController.swift in Sources */,
			);
			runOnlyForDeploymentPostprocessing = 0;
		};
/* End PBXSourcesBuildPhase section */

/* Begin PBXVariantGroup section */
		9E28E4FD28EDC9B00092AA58 /* Main.storyboard */ = {
			isa = PBXVariantGroup;
			children = (
				9E28E4FE28EDC9B00092AA58 /* Base */,
			);
			name = Main.storyboard;
			sourceTree = "<group>";
		};
		9E28E50228EDC9B20092AA58 /* LaunchScreen.storyboard */ = {
			isa = PBXVariantGroup;
			children = (
				9E28E50328EDC9B20092AA58 /* Base */,
			);
			name = LaunchScreen.storyboard;
			sourceTree = "<group>";
		};
/* End PBXVariantGroup section */

/* Begin XCBuildConfiguration section */
		9E28E50628EDC9B20092AA58 /* Debug */ = {
			isa = XCBuildConfiguration;
			buildSettings = {
				ALWAYS_SEARCH_USER_PATHS = NO;
				CLANG_ANALYZER_NONNULL = YES;
				CLANG_ANALYZER_NUMBER_OBJECT_CONVERSION = YES_AGGRESSIVE;
				CLANG_CXX_LANGUAGE_STANDARD = "gnu++20";
				CLANG_ENABLE_MODULES = YES;
				CLANG_ENABLE_OBJC_ARC = YES;
				CLANG_ENABLE_OBJC_WEAK = YES;
				CLANG_WARN_BLOCK_CAPTURE_AUTORELEASING = YES;
				CLANG_WARN_BOOL_CONVERSION = YES;
				CLANG_WARN_COMMA = YES;
				CLANG_WARN_CONSTANT_CONVERSION = YES;
				CLANG_WARN_DEPRECATED_OBJC_IMPLEMENTATIONS = YES;
				CLANG_WARN_DIRECT_OBJC_ISA_USAGE = YES_ERROR;
				CLANG_WARN_DOCUMENTATION_COMMENTS = YES;
				CLANG_WARN_EMPTY_BODY = YES;
				CLANG_WARN_ENUM_CONVERSION = YES;
				CLANG_WARN_INFINITE_RECURSION = YES;
				CLANG_WARN_INT_CONVERSION = YES;
				CLANG_WARN_NON_LITERAL_NULL_CONVERSION = YES;
				CLANG_WARN_OBJC_IMPLICIT_RETAIN_SELF = YES;
				CLANG_WARN_OBJC_LITERAL_CONVERSION = YES;
				CLANG_WARN_OBJC_ROOT_CLASS = YES_ERROR;
				CLANG_WARN_QUOTED_INCLUDE_IN_FRAMEWORK_HEADER = YES;
				CLANG_WARN_RANGE_LOOP_ANALYSIS = YES;
				CLANG_WARN_STRICT_PROTOTYPES = YES;
				CLANG_WARN_SUSPICIOUS_MOVE = YES;
				CLANG_WARN_UNGUARDED_AVAILABILITY = YES_AGGRESSIVE;
				CLANG_WARN_UNREACHABLE_CODE = YES;
				CLANG_WARN__DUPLICATE_METHOD_MATCH = YES;
				COPY_PHASE_STRIP = NO;
				DEBUG_INFORMATION_FORMAT = dwarf;
				ENABLE_STRICT_OBJC_MSGSEND = YES;
				ENABLE_TESTABILITY = YES;
				GCC_C_LANGUAGE_STANDARD = gnu11;
				GCC_DYNAMIC_NO_PIC = NO;
				GCC_NO_COMMON_BLOCKS = YES;
				GCC_OPTIMIZATION_LEVEL = 0;
				GCC_PREPROCESSOR_DEFINITIONS = (
					"DEBUG=1",
					"$(inherited)",
				);
				GCC_WARN_64_TO_32_BIT_CONVERSION = YES;
				GCC_WARN_ABOUT_RETURN_TYPE = YES_ERROR;
				GCC_WARN_UNDECLARED_SELECTOR = YES;
				GCC_WARN_UNINITIALIZED_AUTOS = YES_AGGRESSIVE;
				GCC_WARN_UNUSED_FUNCTION = YES;
				GCC_WARN_UNUSED_VARIABLE = YES;
				IPHONEOS_DEPLOYMENT_TARGET = 16.0;
				MTL_ENABLE_DEBUG_INFO = INCLUDE_SOURCE;
				MTL_FAST_MATH = YES;
				ONLY_ACTIVE_ARCH = YES;
				SDKROOT = iphoneos;
				SWIFT_ACTIVE_COMPILATION_CONDITIONS = DEBUG;
				SWIFT_OPTIMIZATION_LEVEL = "-Onone";
			};
			name = Debug;
		};
		9E28E50728EDC9B20092AA58 /* Release */ = {
			isa = XCBuildConfiguration;
			buildSettings = {
				ALWAYS_SEARCH_USER_PATHS = NO;
				CLANG_ANALYZER_NONNULL = YES;
				CLANG_ANALYZER_NUMBER_OBJECT_CONVERSION = YES_AGGRESSIVE;
				CLANG_CXX_LANGUAGE_STANDARD = "gnu++20";
				CLANG_ENABLE_MODULES = YES;
				CLANG_ENABLE_OBJC_ARC = YES;
				CLANG_ENABLE_OBJC_WEAK = YES;
				CLANG_WARN_BLOCK_CAPTURE_AUTORELEASING = YES;
				CLANG_WARN_BOOL_CONVERSION = YES;
				CLANG_WARN_COMMA = YES;
				CLANG_WARN_CONSTANT_CONVERSION = YES;
				CLANG_WARN_DEPRECATED_OBJC_IMPLEMENTATIONS = YES;
				CLANG_WARN_DIRECT_OBJC_ISA_USAGE = YES_ERROR;
				CLANG_WARN_DOCUMENTATION_COMMENTS = YES;
				CLANG_WARN_EMPTY_BODY = YES;
				CLANG_WARN_ENUM_CONVERSION = YES;
				CLANG_WARN_INFINITE_RECURSION = YES;
				CLANG_WARN_INT_CONVERSION = YES;
				CLANG_WARN_NON_LITERAL_NULL_CONVERSION = YES;
				CLANG_WARN_OBJC_IMPLICIT_RETAIN_SELF = YES;
				CLANG_WARN_OBJC_LITERAL_CONVERSION = YES;
				CLANG_WARN_OBJC_ROOT_CLASS = YES_ERROR;
				CLANG_WARN_QUOTED_INCLUDE_IN_FRAMEWORK_HEADER = YES;
				CLANG_WARN_RANGE_LOOP_ANALYSIS = YES;
				CLANG_WARN_STRICT_PROTOTYPES = YES;
				CLANG_WARN_SUSPICIOUS_MOVE = YES;
				CLANG_WARN_UNGUARDED_AVAILABILITY = YES_AGGRESSIVE;
				CLANG_WARN_UNREACHABLE_CODE = YES;
				CLANG_WARN__DUPLICATE_METHOD_MATCH = YES;
				COPY_PHASE_STRIP = NO;
				DEBUG_INFORMATION_FORMAT = "dwarf-with-dsym";
				ENABLE_NS_ASSERTIONS = NO;
				ENABLE_STRICT_OBJC_MSGSEND = YES;
				GCC_C_LANGUAGE_STANDARD = gnu11;
				GCC_NO_COMMON_BLOCKS = YES;
				GCC_WARN_64_TO_32_BIT_CONVERSION = YES;
				GCC_WARN_ABOUT_RETURN_TYPE = YES_ERROR;
				GCC_WARN_UNDECLARED_SELECTOR = YES;
				GCC_WARN_UNINITIALIZED_AUTOS = YES_AGGRESSIVE;
				GCC_WARN_UNUSED_FUNCTION = YES;
				GCC_WARN_UNUSED_VARIABLE = YES;
				IPHONEOS_DEPLOYMENT_TARGET = 16.0;
				MTL_ENABLE_DEBUG_INFO = NO;
				MTL_FAST_MATH = YES;
				SDKROOT = iphoneos;
				SWIFT_COMPILATION_MODE = wholemodule;
				SWIFT_OPTIMIZATION_LEVEL = "-O";
				VALIDATE_PRODUCT = YES;
			};
			name = Release;
		};
		9E28E50928EDC9B20092AA58 /* Debug */ = {
			isa = XCBuildConfiguration;
			buildSettings = {
				ASSETCATALOG_COMPILER_APPICON_NAME = AppIcon;
				ASSETCATALOG_COMPILER_GLOBAL_ACCENT_COLOR_NAME = AccentColor;
				CODE_SIGN_STYLE = Automatic;
				CURRENT_PROJECT_VERSION = 1;
				DEVELOPMENT_TEAM = 52V9YXPJQB;
				GENERATE_INFOPLIST_FILE = YES;
				INFOPLIST_FILE = "TaskList with Realm/Info.plist";
				INFOPLIST_KEY_CFBundleDisplayName = Tasker;
				INFOPLIST_KEY_UIApplicationSupportsIndirectInputEvents = YES;
				INFOPLIST_KEY_UILaunchStoryboardName = LaunchScreen;
				INFOPLIST_KEY_UIMainStoryboardFile = Main;
				INFOPLIST_KEY_UISupportedInterfaceOrientations_iPad = "UIInterfaceOrientationPortrait UIInterfaceOrientationPortraitUpsideDown UIInterfaceOrientationLandscapeLeft UIInterfaceOrientationLandscapeRight";
				INFOPLIST_KEY_UISupportedInterfaceOrientations_iPhone = "UIInterfaceOrientationPortrait UIInterfaceOrientationLandscapeLeft UIInterfaceOrientationLandscapeRight";
				IPHONEOS_DEPLOYMENT_TARGET = 15.5;
				LD_RUNPATH_SEARCH_PATHS = (
					"$(inherited)",
					"@executable_path/Frameworks",
				);
				MARKETING_VERSION = 1.0;
				PRODUCT_BUNDLE_IDENTIFIER = "prokodan.TaskList-with-Realm";
				PRODUCT_NAME = "$(TARGET_NAME)";
				SUPPORTED_PLATFORMS = "iphoneos iphonesimulator";
				SUPPORTS_MACCATALYST = NO;
				SUPPORTS_MAC_DESIGNED_FOR_IPHONE_IPAD = NO;
				SWIFT_EMIT_LOC_STRINGS = YES;
				SWIFT_VERSION = 5.0;
				TARGETED_DEVICE_FAMILY = 1;
			};
			name = Debug;
		};
		9E28E50A28EDC9B20092AA58 /* Release */ = {
			isa = XCBuildConfiguration;
			buildSettings = {
				ASSETCATALOG_COMPILER_APPICON_NAME = AppIcon;
				ASSETCATALOG_COMPILER_GLOBAL_ACCENT_COLOR_NAME = AccentColor;
				CODE_SIGN_STYLE = Automatic;
				CURRENT_PROJECT_VERSION = 1;
				DEVELOPMENT_TEAM = 52V9YXPJQB;
				GENERATE_INFOPLIST_FILE = YES;
				INFOPLIST_FILE = "TaskList with Realm/Info.plist";
				INFOPLIST_KEY_CFBundleDisplayName = Tasker;
				INFOPLIST_KEY_UIApplicationSupportsIndirectInputEvents = YES;
				INFOPLIST_KEY_UILaunchStoryboardName = LaunchScreen;
				INFOPLIST_KEY_UIMainStoryboardFile = Main;
				INFOPLIST_KEY_UISupportedInterfaceOrientations_iPad = "UIInterfaceOrientationPortrait UIInterfaceOrientationPortraitUpsideDown UIInterfaceOrientationLandscapeLeft UIInterfaceOrientationLandscapeRight";
				INFOPLIST_KEY_UISupportedInterfaceOrientations_iPhone = "UIInterfaceOrientationPortrait UIInterfaceOrientationLandscapeLeft UIInterfaceOrientationLandscapeRight";
				IPHONEOS_DEPLOYMENT_TARGET = 15.5;
				LD_RUNPATH_SEARCH_PATHS = (
					"$(inherited)",
					"@executable_path/Frameworks",
				);
				MARKETING_VERSION = 1.0;
				PRODUCT_BUNDLE_IDENTIFIER = "prokodan.TaskList-with-Realm";
				PRODUCT_NAME = "$(TARGET_NAME)";
				SUPPORTED_PLATFORMS = "iphoneos iphonesimulator";
				SUPPORTS_MACCATALYST = NO;
				SUPPORTS_MAC_DESIGNED_FOR_IPHONE_IPAD = NO;
				SWIFT_EMIT_LOC_STRINGS = YES;
				SWIFT_VERSION = 5.0;
				TARGETED_DEVICE_FAMILY = 1;
			};
			name = Release;
		};
/* End XCBuildConfiguration section */

/* Begin XCConfigurationList section */
		9E28E4EF28EDC9B00092AA58 /* Build configuration list for PBXProject "TaskList with Realm" */ = {
			isa = XCConfigurationList;
			buildConfigurations = (
				9E28E50628EDC9B20092AA58 /* Debug */,
				9E28E50728EDC9B20092AA58 /* Release */,
			);
			defaultConfigurationIsVisible = 0;
			defaultConfigurationName = Release;
		};
		9E28E50828EDC9B20092AA58 /* Build configuration list for PBXNativeTarget "TaskList with Realm" */ = {
			isa = XCConfigurationList;
			buildConfigurations = (
				9E28E50928EDC9B20092AA58 /* Debug */,
				9E28E50A28EDC9B20092AA58 /* Release */,
			);
			defaultConfigurationIsVisible = 0;
			defaultConfigurationName = Release;
		};
/* End XCConfigurationList section */

/* Begin XCRemoteSwiftPackageReference section */
		9EE1A29328EEA4DD005AFB4C /* XCRemoteSwiftPackageReference "realm-swift" */ = {
			isa = XCRemoteSwiftPackageReference;
			repositoryURL = "https://github.com/realm/realm-swift.git";
			requirement = {
				kind = upToNextMajorVersion;
				minimumVersion = 10.31.0;
			};
		};
/* End XCRemoteSwiftPackageReference section */

/* Begin XCSwiftPackageProductDependency section */
		9EE1A29428EEA4DD005AFB4C /* Realm */ = {
			isa = XCSwiftPackageProductDependency;
			package = 9EE1A29328EEA4DD005AFB4C /* XCRemoteSwiftPackageReference "realm-swift" */;
			productName = Realm;
		};
		9EE1A29628EEA4DD005AFB4C /* RealmSwift */ = {
			isa = XCSwiftPackageProductDependency;
			package = 9EE1A29328EEA4DD005AFB4C /* XCRemoteSwiftPackageReference "realm-swift" */;
			productName = RealmSwift;
		};
/* End XCSwiftPackageProductDependency section */
	};
	rootObject = 9E28E4EC28EDC9B00092AA58 /* Project object */;
}
